
Microsoft Visual Studio Solution File, Format Version 12.00
# Visual Studio Version 17
VisualStudioVersion = 17.11.35201.85
MinimumVisualStudioVersion = 10.0.40219.1
Project("{FAE04EC0-301F-11D3-BF4B-00C04F79EFBC}") = "ClassIslandHide", "ClassIslandHide\ClassIslandHide.csproj", "{E7AF2ED3-D687-44F2-A89E-A92A3E2EF911}"
EndProject
Global
	GlobalSection(SolutionConfigurationPlatforms) = preSolution
		Debug|Any CPU = Debug|Any CPU
		Release|Any CPU = Release|Any CPU
	EndGlobalSection
	GlobalSection(ProjectConfigurationPlatforms) = postSolution
		{E7AF2ED3-D687-44F2-A89E-A92A3E2EF911}.Debug|Any CPU.ActiveCfg = Debug|Any CPU
		{E7AF2ED3-D687-44F2-A89E-A92A3E2EF911}.Debug|Any CPU.Build.0 = Debug|Any CPU
		{E7AF2ED3-D687-44F2-A89E-A92A3E2EF911}.Release|Any CPU.ActiveCfg = Release|Any CPU
		{E7AF2ED3-D687-44F2-A89E-A92A3E2EF911}.Release|Any CPU.Build.0 = Release|Any CPU
	EndGlobalSection
	GlobalSection(SolutionProperties) = preSolution
		HideSolutionNode = FALSE
	EndGlobalSection
	GlobalSection(ExtensibilityGlobals) = postSolution
		SolutionGuid = {90FC653B-1279-45B2-905C-38326295FC64}
	EndGlobalSection
EndGlobal
